
Microsoft Visual Studio Solution File, Format Version 12.00
# Visual Studio Version 17
VisualStudioVersion = 17.5.33414.496
MinimumVisualStudioVersion = 10.0.40219.1
Project("{9A19103F-16F7-4668-BE54-9A1E7A4F7556}") = "QuickbookIntegration1", "QuickbookIntegration1\QuickbookIntegration1.csproj", "{A718659D-667F-42D0-A71B-E0FFAA07F719}"
EndProject
Global
	GlobalSection(SolutionConfigurationPlatforms) = preSolution
		Debug|Any CPU = Debug|Any CPU
		Release|Any CPU = Release|Any CPU
	EndGlobalSection
	GlobalSection(ProjectConfigurationPlatforms) = postSolution
		{A718659D-667F-42D0-A71B-E0FFAA07F719}.Debug|Any CPU.ActiveCfg = Debug|Any CPU
		{A718659D-667F-42D0-A71B-E0FFAA07F719}.Debug|Any CPU.Build.0 = Debug|Any CPU
		{A718659D-667F-42D0-A71B-E0FFAA07F719}.Release|Any CPU.ActiveCfg = Release|Any CPU
		{A718659D-667F-42D0-A71B-E0FFAA07F719}.Release|Any CPU.Build.0 = Release|Any CPU
	EndGlobalSection
	GlobalSection(SolutionProperties) = preSolution
		HideSolutionNode = FALSE
	EndGlobalSection
	GlobalSection(ExtensibilityGlobals) = postSolution
		SolutionGuid = {80EA4EE8-FB80-49B8-8C54-1262A7EF09F0}
	EndGlobalSection
EndGlobal
